
Microsoft Visual Studio Solution File, Format Version 12.00
# Visual Studio 15
VisualStudioVersion = 15.0.27130.2003
MinimumVisualStudioVersion = 10.0.40219.1
Project("{FAE04EC0-301F-11D3-BF4B-00C04F79EFBC}") = "GoDaddyDns", "GoDaddyDns\GoDaddyDns.csproj", "{85314B53-A307-40E5-A932-509184492D79}"
EndProject
Project("{2150E333-8FDC-42A3-9474-1A3956D46DE8}") = ".Solution Items", ".Solution Items", "{D907D484-520E-48A6-A538-08EAE236A6E4}"
	ProjectSection(SolutionItems) = preProject
		Solution Items\fontawesome-webfont.ttf = Solution Items\fontawesome-webfont.ttf
		Solution Items\godaddy.ico = Solution Items\godaddy.ico
	EndProjectSection
EndProject
Project("{FAE04EC0-301F-11D3-BF4B-00C04F79EFBC}") = "DynamicDns.Core", "DynamicDns.Core\DynamicDns.Core.csproj", "{34FABD46-60C0-4E00-843C-9F65FB31525C}"
EndProject
Global
	GlobalSection(SolutionConfigurationPlatforms) = preSolution
		Debug|Any CPU = Debug|Any CPU
		Release|Any CPU = Release|Any CPU
	EndGlobalSection
	GlobalSection(ProjectConfigurationPlatforms) = postSolution
		{85314B53-A307-40E5-A932-509184492D79}.Debug|Any CPU.ActiveCfg = Debug|Any CPU
		{85314B53-A307-40E5-A932-509184492D79}.Debug|Any CPU.Build.0 = Debug|Any CPU
		{85314B53-A307-40E5-A932-509184492D79}.Release|Any CPU.ActiveCfg = Release|Any CPU
		{85314B53-A307-40E5-A932-509184492D79}.Release|Any CPU.Build.0 = Release|Any CPU
		{34FABD46-60C0-4E00-843C-9F65FB31525C}.Debug|Any CPU.ActiveCfg = Debug|Any CPU
		{34FABD46-60C0-4E00-843C-9F65FB31525C}.Debug|Any CPU.Build.0 = Debug|Any CPU
		{34FABD46-60C0-4E00-843C-9F65FB31525C}.Release|Any CPU.ActiveCfg = Release|Any CPU
		{34FABD46-60C0-4E00-843C-9F65FB31525C}.Release|Any CPU.Build.0 = Release|Any CPU
	EndGlobalSection
	GlobalSection(SolutionProperties) = preSolution
		HideSolutionNode = FALSE
	EndGlobalSection
	GlobalSection(ExtensibilityGlobals) = postSolution
		SolutionGuid = {D1A35935-4D98-43E3-9757-1F11CDEEF89F}
	EndGlobalSection
EndGlobal
